
Microsoft Visual Studio Solution File, Format Version 12.00
# Visual Studio Version 17
VisualStudioVersion = 17.3.32901.215
MinimumVisualStudioVersion = 10.0.40219.1
Project("{2150E333-8FDC-42A3-9474-1A3956D46DE8}") = "APIGateways", "APIGateways", "{B8AF7626-1639-4429-84BE-551A9F82EF2A}"
EndProject
Project("{2150E333-8FDC-42A3-9474-1A3956D46DE8}") = "Services", "Services", "{E6931963-96BD-4FB5-BCA4-44D7B48071EE}"
EndProject
Project("{FAE04EC0-301F-11D3-BF4B-00C04F79EFBC}") = "Catalog.API", "..\Services\Catalog\Catalog.API\Catalog.API.csproj", "{C06BE7BF-71B4-42E9-B7D5-B1A1879519BD}"
EndProject
Global
	GlobalSection(SolutionConfigurationPlatforms) = preSolution
		Debug|Any CPU = Debug|Any CPU
		Release|Any CPU = Release|Any CPU
	EndGlobalSection
	GlobalSection(ProjectConfigurationPlatforms) = postSolution
		{C06BE7BF-71B4-42E9-B7D5-B1A1879519BD}.Debug|Any CPU.ActiveCfg = Debug|Any CPU
		{C06BE7BF-71B4-42E9-B7D5-B1A1879519BD}.Debug|Any CPU.Build.0 = Debug|Any CPU
		{C06BE7BF-71B4-42E9-B7D5-B1A1879519BD}.Release|Any CPU.ActiveCfg = Release|Any CPU
		{C06BE7BF-71B4-42E9-B7D5-B1A1879519BD}.Release|Any CPU.Build.0 = Release|Any CPU
	EndGlobalSection
	GlobalSection(SolutionProperties) = preSolution
		HideSolutionNode = FALSE
	EndGlobalSection
	GlobalSection(NestedProjects) = preSolution
		{C06BE7BF-71B4-42E9-B7D5-B1A1879519BD} = {E6931963-96BD-4FB5-BCA4-44D7B48071EE}
	EndGlobalSection
	GlobalSection(ExtensibilityGlobals) = postSolution
		SolutionGuid = {72C6450B-6177-49A4-AF3D-3012B67C7FA6}
	EndGlobalSection
EndGlobal
